
Microsoft Visual Studio Solution File, Format Version 12.00
# Visual Studio 2012
Project("{FAE04EC0-301F-11D3-BF4B-00C04F79EFBC}") = "DOM", "DOM\DOM.csproj", "{2F1256C7-4A1A-4CAB-9420-088A65EAB66D}"
	ProjectSection(ProjectDependencies) = postProject
		{E337E207-F76F-4E7E-8918-887861578783} = {E337E207-F76F-4E7E-8918-887861578783}
	EndProjectSection
EndProject
Project("{FAE04EC0-301F-11D3-BF4B-00C04F79EFBC}") = "DOMTests", "DOMTests\DOMTests.csproj", "{E337E207-F76F-4E7E-8918-887861578783}"
EndProject
Project("{FAE04EC0-301F-11D3-BF4B-00C04F79EFBC}") = "DocGenWin", "DocGenWin\DocGenWin.csproj", "{4A81206F-00AE-4FED-B408-1EE5D4487429}"
EndProject
Global
	GlobalSection(SolutionConfigurationPlatforms) = preSolution
		Debug|Any CPU = Debug|Any CPU
		Release|Any CPU = Release|Any CPU
	EndGlobalSection
	GlobalSection(ProjectConfigurationPlatforms) = postSolution
		{2F1256C7-4A1A-4CAB-9420-088A65EAB66D}.Debug|Any CPU.ActiveCfg = Debug|Any CPU
		{2F1256C7-4A1A-4CAB-9420-088A65EAB66D}.Debug|Any CPU.Build.0 = Debug|Any CPU
		{2F1256C7-4A1A-4CAB-9420-088A65EAB66D}.Release|Any CPU.ActiveCfg = Release|Any CPU
		{2F1256C7-4A1A-4CAB-9420-088A65EAB66D}.Release|Any CPU.Build.0 = Release|Any CPU
		{E337E207-F76F-4E7E-8918-887861578783}.Debug|Any CPU.ActiveCfg = Debug|Any CPU
		{E337E207-F76F-4E7E-8918-887861578783}.Debug|Any CPU.Build.0 = Debug|Any CPU
		{E337E207-F76F-4E7E-8918-887861578783}.Release|Any CPU.ActiveCfg = Release|Any CPU
		{E337E207-F76F-4E7E-8918-887861578783}.Release|Any CPU.Build.0 = Release|Any CPU
		{4A81206F-00AE-4FED-B408-1EE5D4487429}.Debug|Any CPU.ActiveCfg = Debug|Any CPU
		{4A81206F-00AE-4FED-B408-1EE5D4487429}.Debug|Any CPU.Build.0 = Debug|Any CPU
		{4A81206F-00AE-4FED-B408-1EE5D4487429}.Release|Any CPU.ActiveCfg = Release|Any CPU
		{4A81206F-00AE-4FED-B408-1EE5D4487429}.Release|Any CPU.Build.0 = Release|Any CPU
	EndGlobalSection
	GlobalSection(SolutionProperties) = preSolution
		HideSolutionNode = FALSE
	EndGlobalSection
EndGlobal
